github.com/Ulbora/six910-database-interface v1.0.5 h1:WC4IOrQZOSNpvZhOaIaZv6EI2LwuMf5lr0uWJzQ83oM=
github.com/Ulbora/six910-database-interface v1.0.5/go.mod h1:OGqZQ5ETgqxsHB636qmivSR36NzQxhV4T+ATsIUJSLM=
github.com/gorilla/mux v1.7.4 h1:VuZ8uybHlWmqV03+zRzdwKL4tUnIp1MAQtp1mIFE1bc=
github.com/gorilla/mux v1.7.4/go.mod h1:DVbg23sWSpFRCP0SfiEN6jmj59UnW/n46BH5rLB71So=
